
Microsoft Visual Studio Solution File, Format Version 12.00
# Visual Studio Version 17
VisualStudioVersion = 17.14.36511.14 d17.14
MinimumVisualStudioVersion = 10.0.40219.1
Project("{FAE04EC0-301F-11D3-BF4B-00C04F79EFBC}") = "Lap5", "Lap5\Lap5.csproj", "{444F034C-42E3-418A-9E91-84081B5EB767}"
EndProject
Project("{FAE04EC0-301F-11D3-BF4B-00C04F79EFBC}") = "UserManagementTests", "UserManagementTests\UserManagementTests.csproj", "{6A12AA93-26C1-416F-9C51-AFC81A53BE8E}"
EndProject
Global
	GlobalSection(SolutionConfigurationPlatforms) = preSolution
		Debug|Any CPU = Debug|Any CPU
		Release|Any CPU = Release|Any CPU
	EndGlobalSection
	GlobalSection(ProjectConfigurationPlatforms) = postSolution
		{444F034C-42E3-418A-9E91-84081B5EB767}.Debug|Any CPU.ActiveCfg = Debug|Any CPU
		{444F034C-42E3-418A-9E91-84081B5EB767}.Debug|Any CPU.Build.0 = Debug|Any CPU
		{444F034C-42E3-418A-9E91-84081B5EB767}.Release|Any CPU.ActiveCfg = Release|Any CPU
		{444F034C-42E3-418A-9E91-84081B5EB767}.Release|Any CPU.Build.0 = Release|Any CPU
		{6A12AA93-26C1-416F-9C51-AFC81A53BE8E}.Debug|Any CPU.ActiveCfg = Debug|Any CPU
		{6A12AA93-26C1-416F-9C51-AFC81A53BE8E}.Debug|Any CPU.Build.0 = Debug|Any CPU
		{6A12AA93-26C1-416F-9C51-AFC81A53BE8E}.Release|Any CPU.ActiveCfg = Release|Any CPU
		{6A12AA93-26C1-416F-9C51-AFC81A53BE8E}.Release|Any CPU.Build.0 = Release|Any CPU
	EndGlobalSection
	GlobalSection(SolutionProperties) = preSolution
		HideSolutionNode = FALSE
	EndGlobalSection
	GlobalSection(ExtensibilityGlobals) = postSolution
		SolutionGuid = {55A90A98-A8C8-442A-BB27-F9B751C40BF2}
	EndGlobalSection
EndGlobal
